
Microsoft Visual Studio Solution File, Format Version 12.00
# Visual Studio Version 17
VisualStudioVersion = 17.13.35919.96 d17.13
MinimumVisualStudioVersion = 10.0.40219.1
Project("{FAE04EC0-301F-11D3-BF4B-00C04F79EFBC}") = "Asp_net_Core_API_Assignment_1", "Asp_net_Core_API_Assignment_1.csproj", "{BFFEA1F0-E953-4A30-A1FE-BA661D459267}"
EndProject
Global
	GlobalSection(SolutionConfigurationPlatforms) = preSolution
		Debug|Any CPU = Debug|Any CPU
		Release|Any CPU = Release|Any CPU
	EndGlobalSection
	GlobalSection(ProjectConfigurationPlatforms) = postSolution
		{BFFEA1F0-E953-4A30-A1FE-BA661D459267}.Debug|Any CPU.ActiveCfg = Debug|Any CPU
		{BFFEA1F0-E953-4A30-A1FE-BA661D459267}.Debug|Any CPU.Build.0 = Debug|Any CPU
		{BFFEA1F0-E953-4A30-A1FE-BA661D459267}.Release|Any CPU.ActiveCfg = Release|Any CPU
		{BFFEA1F0-E953-4A30-A1FE-BA661D459267}.Release|Any CPU.Build.0 = Release|Any CPU
	EndGlobalSection
	GlobalSection(SolutionProperties) = preSolution
		HideSolutionNode = FALSE
	EndGlobalSection
	GlobalSection(ExtensibilityGlobals) = postSolution
		SolutionGuid = {41B8D02F-F962-49FF-9377-4DB786868FA6}
	EndGlobalSection
EndGlobal
